
Microsoft Visual Studio Solution File, Format Version 12.00
# Visual Studio 15
VisualStudioVersion = 15.0.27130.2010
MinimumVisualStudioVersion = 10.0.40219.1
Project("{FAE04EC0-301F-11D3-BF4B-00C04F79EFBC}") = "TooSharp", "TooSharp\TooSharp.csproj", "{9FA05E2D-B8A1-4DDC-A241-75C9DA5B80F4}"
EndProject
Global
	GlobalSection(SolutionConfigurationPlatforms) = preSolution
		Debug|Any CPU = Debug|Any CPU
		Release|Any CPU = Release|Any CPU
	EndGlobalSection
	GlobalSection(ProjectConfigurationPlatforms) = postSolution
		{9FA05E2D-B8A1-4DDC-A241-75C9DA5B80F4}.Debug|Any CPU.ActiveCfg = Debug|Any CPU
		{9FA05E2D-B8A1-4DDC-A241-75C9DA5B80F4}.Debug|Any CPU.Build.0 = Debug|Any CPU
		{9FA05E2D-B8A1-4DDC-A241-75C9DA5B80F4}.Release|Any CPU.ActiveCfg = Release|Any CPU
		{9FA05E2D-B8A1-4DDC-A241-75C9DA5B80F4}.Release|Any CPU.Build.0 = Release|Any CPU
	EndGlobalSection
	GlobalSection(SolutionProperties) = preSolution
		HideSolutionNode = FALSE
	EndGlobalSection
	GlobalSection(ExtensibilityGlobals) = postSolution
		SolutionGuid = {F9248A54-0977-4C21-8010-CD780FE99167}
	EndGlobalSection
EndGlobal
